{
  "nodes": {
    "home-manager": {
      "inputs": {
        "nixpkgs": [
          "nixpkgs"
        ]
      },
      "locked": {
        "lastModified": 1753056897,
        "narHash": "sha256-AVVMBFcuOXqIgmShvRv9TED3fkiZhQ0ZvlhsPoFfkNE=",
        "owner": "nix-community",
        "repo": "home-manager",
        "rev": "13a83d1b6545b7f0e8f7689bad62e7a3b1d63771",
        "type": "github"
      },
      "original": {
        "owner": "nix-community",
        "ref": "master",
        "repo": "home-manager",
        "type": "github"
      }
    },
    "nixpkgs": {
      "locked": {
        "lastModified": 1752900028,
        "narHash": "sha256-dPALCtmik9Wr14MGqVXm+OQcv7vhPBXcWNIOThGnB/Q=",
        "owner": "nixos",
        "repo": "nixpkgs",
        "rev": "6b4955211758ba47fac850c040a27f23b9b4008f",
        "type": "github"
      },
      "original": {
        "owner": "nixos",
        "ref": "nixpkgs-unstable",
        "repo": "nixpkgs",
        "type": "github"
      }
    },
    "root": {
      "inputs": {
        "home-manager": "home-manager",
        "nixpkgs": "nixpkgs",
        "rust-overlay": "rust-overlay",
        "sops-nix": "sops-nix",
        "streamfox": "streamfox",
        "streamfox-live": "streamfox-live",
        "streamfox-live-staging": "streamfox-live-staging"
      }
    },
    "rust-overlay": {
      "inputs": {
        "nixpkgs": [
          "nixpkgs"
        ]
      },
      "locked": {
        "lastModified": 1753066249,
        "narHash": "sha256-j2UBrfDRIePGx3532Bbb9UeosNX2F73hfOAHtmACfnM=",
        "owner": "oxalica",
        "repo": "rust-overlay",
        "rev": "0751b65633a1785743ca44fd7c14a633c54c1f91",
        "type": "github"
      },
      "original": {
        "owner": "oxalica",
        "repo": "rust-overlay",
        "type": "github"
      }
    },
    "sops-nix": {
      "inputs": {
        "nixpkgs": [
          "nixpkgs"
        ]
      },
      "locked": {
        "lastModified": 1752544651,
        "narHash": "sha256-GllP7cmQu7zLZTs9z0J2gIL42IZHa9CBEXwBY9szT0U=",
        "owner": "mic92",
        "repo": "sops-nix",
        "rev": "2c8def626f54708a9c38a5861866660395bb3461",
        "type": "github"
      },
      "original": {
        "owner": "mic92",
        "repo": "sops-nix",
        "type": "github"
      }
    },
    "streamfox": {
      "inputs": {
        "nixpkgs": [
          "nixpkgs"
        ]
      },
      "locked": {
        "lastModified": 1753635880,
        "narHash": "sha256-izgB3s4ix8KesczYp5CC6xrkvCieNQDyUy3wyK80PK0=",
        "owner": "aleksbgbg",
        "repo": "streamfox",
        "rev": "0c449b16dd29d643e35cddc54b8ac5929c6d11e9",
        "type": "github"
      },
      "original": {
        "owner": "aleksbgbg",
        "repo": "streamfox",
        "type": "github"
      }
    },
    "streamfox-live": {
      "inputs": {
        "nixpkgs": [
          "nixpkgs"
        ]
      },
      "locked": {
        "lastModified": 1753120766,
        "narHash": "sha256-AkovHkaVJr+N84nD8F2LvXe+vkZDUyI/JKu2RKrUMQc=",
        "owner": "aleksbgbg",
        "repo": "streamfox-live",
        "rev": "441497681ce8b81938d48ab4b78ce120d83d4f62",
        "type": "gitlab"
      },
      "original": {
        "owner": "aleksbgbg",
        "repo": "streamfox-live",
        "type": "gitlab"
      }
    },
    "streamfox-live-staging": {
      "inputs": {
        "nixpkgs": [
          "nixpkgs"
        ]
      },
      "locked": {
        "lastModified": 1753120766,
        "narHash": "sha256-AkovHkaVJr+N84nD8F2LvXe+vkZDUyI/JKu2RKrUMQc=",
        "owner": "aleksbgbg",
        "repo": "streamfox-live",
        "rev": "441497681ce8b81938d48ab4b78ce120d83d4f62",
        "type": "gitlab"
      },
      "original": {
        "owner": "aleksbgbg",
        "ref": "staging",
        "repo": "streamfox-live",
        "type": "gitlab"
      }
    }
  },
  "root": "root",
  "version": 7
}
