{
  "nodes": {
    "flake-utils": {
      "inputs": {
        "systems": "systems"
      },
      "locked": {
        "lastModified": 1731533236,
        "narHash": "sha256-l0KFg5HjrsfsO/JpG+r7fRrqm12kzFHyUHqHCVpMMbI=",
        "owner": "numtide",
        "repo": "flake-utils",
        "rev": "11707dc2f618dd54ca8739b309ec4fc024de578b",
        "type": "github"
      },
      "original": {
        "owner": "numtide",
        "repo": "flake-utils",
        "type": "github"
      }
    },
    "home-manager": {
      "inputs": {
        "nixpkgs": [
          "nixpkgs"
        ]
      },
      "locked": {
        "lastModified": 1758296614,
        "narHash": "sha256-l60D1i0aaSqemy9dL7wP0ePMfcv/oZbeKpvUMY+q0kQ=",
        "owner": "nix-community",
        "repo": "home-manager",
        "rev": "55b1f5b7b191572257545413b98e37abab2fdb00",
        "type": "github"
      },
      "original": {
        "owner": "nix-community",
        "ref": "master",
        "repo": "home-manager",
        "type": "github"
      }
    },
    "mdb": {
      "inputs": {
        "flake-utils": [
          "flake-utils"
        ],
        "nixpkgs": [
          "nixpkgs"
        ],
        "rust-overlay": [
          "rust-overlay"
        ]
      },
      "locked": {
        "lastModified": 1761999957,
        "narHash": "sha256-n1qb0a6nPcng0u91CTdX+bKDzD71dCsisg625j75QVU=",
        "owner": "aleksbgbg",
        "repo": "mdb",
        "rev": "310b57d010409531e544be11ddb403ec0caa0ee9",
        "type": "gitlab"
      },
      "original": {
        "owner": "aleksbgbg",
        "repo": "mdb",
        "type": "gitlab"
      }
    },
    "nix-index-database": {
      "inputs": {
        "nixpkgs": [
          "nixpkgs"
        ]
      },
      "locked": {
        "lastModified": 1762660502,
        "narHash": "sha256-C9F1C31ys0V7mnp4EcDy7L1cLZw/sCTEXqqTtGnvu08=",
        "owner": "nix-community",
        "repo": "nix-index-database",
        "rev": "15c5451c63f4c612874a43846bfe3fa828b03eee",
        "type": "github"
      },
      "original": {
        "owner": "nix-community",
        "repo": "nix-index-database",
        "type": "github"
      }
    },
    "nixpkgs": {
      "locked": {
        "lastModified": 1758262103,
        "narHash": "sha256-aBGl3XEOsjWw6W3AHiKibN7FeoG73dutQQEqnd/etR8=",
        "owner": "nixos",
        "repo": "nixpkgs",
        "rev": "12bd230118a1901a4a5d393f9f56b6ad7e571d01",
        "type": "github"
      },
      "original": {
        "owner": "nixos",
        "ref": "nixpkgs-unstable",
        "repo": "nixpkgs",
        "type": "github"
      }
    },
    "opencraft": {
      "inputs": {
        "flake-utils": [
          "flake-utils"
        ],
        "nixpkgs": [
          "nixpkgs"
        ],
        "rust-overlay": [
          "rust-overlay"
        ]
      },
      "locked": {
        "lastModified": 1764533639,
        "narHash": "sha256-9WLpzY7O4wq85HZBkbNtIuVobgk/SQwBUmy1i2EDzWo=",
        "ref": "refs/heads/main",
        "rev": "82c519bbd409a0d56223fd4d4efbb6cf9707e369",
        "revCount": 101,
        "submodules": true,
        "type": "git",
        "url": "https://gitlab.com/aleksbgbg/opencraft"
      },
      "original": {
        "type": "git",
        "url": "https://gitlab.com/aleksbgbg/opencraft"
      }
    },
    "root": {
      "inputs": {
        "flake-utils": "flake-utils",
        "home-manager": "home-manager",
        "mdb": "mdb",
        "nix-index-database": "nix-index-database",
        "nixpkgs": "nixpkgs",
        "opencraft": "opencraft",
        "rust-overlay": "rust-overlay",
        "sops-nix": "sops-nix",
        "streamfox": "streamfox",
        "streamfox-live": "streamfox-live",
        "streamfox-live-staging": "streamfox-live-staging"
      }
    },
    "rust-overlay": {
      "inputs": {
        "nixpkgs": [
          "nixpkgs"
        ]
      },
      "locked": {
        "lastModified": 1758335443,
        "narHash": "sha256-2jaGMj32IckpZgBjn7kG4zyJl66T+2A1Fn2ppkHh91o=",
        "owner": "oxalica",
        "repo": "rust-overlay",
        "rev": "f1ccb14649cf87e48051a6ac3a571b4a57d84ff3",
        "type": "github"
      },
      "original": {
        "owner": "oxalica",
        "repo": "rust-overlay",
        "type": "github"
      }
    },
    "sops-nix": {
      "inputs": {
        "nixpkgs": [
          "nixpkgs"
        ]
      },
      "locked": {
        "lastModified": 1758007585,
        "narHash": "sha256-HYnwlbY6RE5xVd5rh0bYw77pnD8lOgbT4mlrfjgNZ0c=",
        "owner": "mic92",
        "repo": "sops-nix",
        "rev": "f77d4cfa075c3de66fc9976b80e0c4fc69e2c139",
        "type": "github"
      },
      "original": {
        "owner": "mic92",
        "repo": "sops-nix",
        "type": "github"
      }
    },
    "streamfox": {
      "inputs": {
        "nixpkgs": [
          "nixpkgs"
        ]
      },
      "locked": {
        "lastModified": 1753635880,
        "narHash": "sha256-izgB3s4ix8KesczYp5CC6xrkvCieNQDyUy3wyK80PK0=",
        "owner": "aleksbgbg",
        "repo": "streamfox",
        "rev": "0c449b16dd29d643e35cddc54b8ac5929c6d11e9",
        "type": "github"
      },
      "original": {
        "owner": "aleksbgbg",
        "repo": "streamfox",
        "type": "github"
      }
    },
    "streamfox-live": {
      "inputs": {
        "nixpkgs": [
          "nixpkgs"
        ]
      },
      "locked": {
        "lastModified": 1753912763,
        "narHash": "sha256-G6JkH/mN8VTcTJB/T03lCz2Io65TQzhAmvnJjDA9LtY=",
        "owner": "aleksbgbg",
        "repo": "streamfox-live",
        "rev": "9f47bc506268f6dadfd4feb046e1826cb26cc332",
        "type": "gitlab"
      },
      "original": {
        "owner": "aleksbgbg",
        "repo": "streamfox-live",
        "type": "gitlab"
      }
    },
    "streamfox-live-staging": {
      "inputs": {
        "nixpkgs": [
          "nixpkgs"
        ]
      },
      "locked": {
        "lastModified": 1753912763,
        "narHash": "sha256-G6JkH/mN8VTcTJB/T03lCz2Io65TQzhAmvnJjDA9LtY=",
        "owner": "aleksbgbg",
        "repo": "streamfox-live",
        "rev": "9f47bc506268f6dadfd4feb046e1826cb26cc332",
        "type": "gitlab"
      },
      "original": {
        "owner": "aleksbgbg",
        "ref": "staging",
        "repo": "streamfox-live",
        "type": "gitlab"
      }
    },
    "systems": {
      "locked": {
        "lastModified": 1681028828,
        "narHash": "sha256-Vy1rq5AaRuLzOxct8nz4T6wlgyUR7zLU309k9mBC768=",
        "owner": "nix-systems",
        "repo": "default",
        "rev": "da67096a3b9bf56a91d16901293e51ba5b49a27e",
        "type": "github"
      },
      "original": {
        "owner": "nix-systems",
        "repo": "default",
        "type": "github"
      }
    }
  },
  "root": "root",
  "version": 7
}
