{
  "nodes": {
    "home-manager": {
      "inputs": {
        "nixpkgs": [
          "nixpkgs"
        ]
      },
      "locked": {
        "lastModified": 1748665073,
        "narHash": "sha256-RMhjnPKWtCoIIHiuR9QKD7xfsKb3agxzMfJY8V9MOew=",
        "owner": "nix-community",
        "repo": "home-manager",
        "rev": "282e1e029cb6ab4811114fc85110613d72771dea",
        "type": "github"
      },
      "original": {
        "owner": "nix-community",
        "ref": "release-25.05",
        "repo": "home-manager",
        "type": "github"
      }
    },
    "nixpkgs": {
      "locked": {
        "lastModified": 1748437600,
        "narHash": "sha256-hYKMs3ilp09anGO7xzfGs3JqEgUqFMnZ8GMAqI6/k04=",
        "owner": "nixos",
        "repo": "nixpkgs",
        "rev": "7282cb574e0607e65224d33be8241eae7cfe0979",
        "type": "github"
      },
      "original": {
        "owner": "nixos",
        "ref": "nixos-25.05",
        "repo": "nixpkgs",
        "type": "github"
      }
    },
    "root": {
      "inputs": {
        "home-manager": "home-manager",
        "nixpkgs": "nixpkgs",
        "rust-overlay": "rust-overlay",
        "streamfox-live": "streamfox-live"
      }
    },
    "rust-overlay": {
      "inputs": {
        "nixpkgs": [
          "nixpkgs"
        ]
      },
      "locked": {
        "lastModified": 1748832016,
        "narHash": "sha256-TQSaFa1wWJr6GOs+K8lecK4AKKr8k6mwxHIPCOmVkgs=",
        "owner": "oxalica",
        "repo": "rust-overlay",
        "rev": "7ec2ea005b600dac9436a7c5c6b66d960cbfcea2",
        "type": "github"
      },
      "original": {
        "owner": "oxalica",
        "repo": "rust-overlay",
        "type": "github"
      }
    },
    "streamfox-live": {
      "inputs": {
        "nixpkgs": [
          "nixpkgs"
        ]
      },
      "locked": {
        "lastModified": 1749070601,
        "narHash": "sha256-M47XNez54hO67sC464Z4KWhIajMzhuAqChL7XjqzdbU=",
        "owner": "aleksbgbg",
        "repo": "streamfox-live",
        "rev": "5a3b200a9797d339ef8d708463b36f51bca0edf6",
        "type": "gitlab"
      },
      "original": {
        "owner": "aleksbgbg",
        "repo": "streamfox-live",
        "type": "gitlab"
      }
    }
  },
  "root": "root",
  "version": 7
}
